
Microsoft Visual Studio Solution File, Format Version 12.00
# Visual Studio 15
VisualStudioVersion = 15.0.27428.2037
MinimumVisualStudioVersion = 10.0.40219.1
Project("{FAE04EC0-301F-11D3-BF4B-00C04F79EFBC}") = "President Card Game", "President Card Game\President Card Game.csproj", "{FE6E7DCC-928B-4144-83D1-8ACAEA83AFDD}"
EndProject
Project("{FAE04EC0-301F-11D3-BF4B-00C04F79EFBC}") = "CardInfo", "CardInfoLibrary\CardInfo.csproj", "{28E43ACC-FFEB-407C-BCE0-EA7CAF66B251}"
EndProject
Global
	GlobalSection(SolutionConfigurationPlatforms) = preSolution
		Debug|Any CPU = Debug|Any CPU
		Release|Any CPU = Release|Any CPU
	EndGlobalSection
	GlobalSection(ProjectConfigurationPlatforms) = postSolution
		{FE6E7DCC-928B-4144-83D1-8ACAEA83AFDD}.Debug|Any CPU.ActiveCfg = Debug|Any CPU
		{FE6E7DCC-928B-4144-83D1-8ACAEA83AFDD}.Debug|Any CPU.Build.0 = Debug|Any CPU
		{FE6E7DCC-928B-4144-83D1-8ACAEA83AFDD}.Release|Any CPU.ActiveCfg = Release|Any CPU
		{FE6E7DCC-928B-4144-83D1-8ACAEA83AFDD}.Release|Any CPU.Build.0 = Release|Any CPU
		{28E43ACC-FFEB-407C-BCE0-EA7CAF66B251}.Debug|Any CPU.ActiveCfg = Debug|Any CPU
		{28E43ACC-FFEB-407C-BCE0-EA7CAF66B251}.Debug|Any CPU.Build.0 = Debug|Any CPU
		{28E43ACC-FFEB-407C-BCE0-EA7CAF66B251}.Release|Any CPU.ActiveCfg = Release|Any CPU
		{28E43ACC-FFEB-407C-BCE0-EA7CAF66B251}.Release|Any CPU.Build.0 = Release|Any CPU
	EndGlobalSection
	GlobalSection(SolutionProperties) = preSolution
		HideSolutionNode = FALSE
	EndGlobalSection
	GlobalSection(ExtensibilityGlobals) = postSolution
		SolutionGuid = {2C0FB8FD-C411-49A6-A4D7-0F1BFC2ECCDC}
	EndGlobalSection
EndGlobal
